
Microsoft Visual Studio Solution File, Format Version 12.00
# Visual Studio Version 17
VisualStudioVersion = 17.9.34728.123
MinimumVisualStudioVersion = 10.0.40219.1
Project("{9A19103F-16F7-4668-BE54-9A1E7A4F7556}") = "OverEasy", "OverEasy.csproj", "{2DF83B02-B936-4694-80DD-27A7A0C70577}"
EndProject
Project("{9A19103F-16F7-4668-BE54-9A1E7A4F7556}") = "AquaModelLibrary.Data", "PSO2-Aqua-Library\AquaModelLibrary.Data\AquaModelLibrary.Data.csproj", "{77FC6BDF-8EB3-4E3E-92BF-67647B8280F6}"
EndProject
Project("{9A19103F-16F7-4668-BE54-9A1E7A4F7556}") = "AquaModelLibrary.Helpers", "PSO2-Aqua-Library\AquaModelLibrary.Helpers\AquaModelLibrary.Helpers.csproj", "{76604444-763D-48C8-8F50-805462334A91}"
EndProject
Project("{9A19103F-16F7-4668-BE54-9A1E7A4F7556}") = "ArchiveLib", "PSO2-Aqua-Library\SAToolsShared\ArchiveLib\ArchiveLib.csproj", "{A2969875-193A-4656-8EAD-5A9CAFE56352}"
EndProject
Project("{9A19103F-16F7-4668-BE54-9A1E7A4F7556}") = "VrSharp", "PSO2-Aqua-Library\SAToolsShared\VrSharp\VrSharp.csproj", "{55D53677-51C7-4C51-9128-810BC8F94B26}"
EndProject
Project("{FAE04EC0-301F-11D3-BF4B-00C04F79EFBC}") = "UnluacNET", "PSO2-Aqua-Library\UnluacNET\UnluacNET.csproj", "{ED5D3E22-804B-4BAA-BD7F-F47F19804CF8}"
EndProject
Project("{9A19103F-16F7-4668-BE54-9A1E7A4F7556}") = "ZamboniLib", "PSO2-Aqua-Library\ZamboniLib\ZamboniLib\ZamboniLib.csproj", "{84D63988-81DE-4639-8E44-FE5A25EDDC97}"
EndProject
Project("{FAE04EC0-301F-11D3-BF4B-00C04F79EFBC}") = "SoulsFormats", "PSO2-Aqua-Library\SoulsFormatsNEXT\SoulsFormats\SoulsFormats.csproj", "{FDF54C5B-4F7B-4690-A8C3-27565CEE9091}"
EndProject
Global
	GlobalSection(SolutionConfigurationPlatforms) = preSolution
		Debug|Any CPU = Debug|Any CPU
		Debug|x64 = Debug|x64
		Debug|x86 = Debug|x86
		ExportDebug|Any CPU = ExportDebug|Any CPU
		ExportDebug|x64 = ExportDebug|x64
		ExportDebug|x86 = ExportDebug|x86
		ExportRelease|Any CPU = ExportRelease|Any CPU
		ExportRelease|x64 = ExportRelease|x64
		ExportRelease|x86 = ExportRelease|x86
		Release|Any CPU = Release|Any CPU
		Release|x64 = Release|x64
		Release|x86 = Release|x86
	EndGlobalSection
	GlobalSection(ProjectConfigurationPlatforms) = postSolution
		{2DF83B02-B936-4694-80DD-27A7A0C70577}.Debug|Any CPU.ActiveCfg = Debug|Any CPU
		{2DF83B02-B936-4694-80DD-27A7A0C70577}.Debug|Any CPU.Build.0 = Debug|Any CPU
		{2DF83B02-B936-4694-80DD-27A7A0C70577}.Debug|x64.ActiveCfg = Debug|Any CPU
		{2DF83B02-B936-4694-80DD-27A7A0C70577}.Debug|x64.Build.0 = Debug|Any CPU
		{2DF83B02-B936-4694-80DD-27A7A0C70577}.Debug|x86.ActiveCfg = Debug|Any CPU
		{2DF83B02-B936-4694-80DD-27A7A0C70577}.Debug|x86.Build.0 = Debug|Any CPU
		{2DF83B02-B936-4694-80DD-27A7A0C70577}.ExportDebug|Any CPU.ActiveCfg = ExportDebug|Any CPU
		{2DF83B02-B936-4694-80DD-27A7A0C70577}.ExportDebug|Any CPU.Build.0 = ExportDebug|Any CPU
		{2DF83B02-B936-4694-80DD-27A7A0C70577}.ExportDebug|x64.ActiveCfg = ExportDebug|Any CPU
		{2DF83B02-B936-4694-80DD-27A7A0C70577}.ExportDebug|x64.Build.0 = ExportDebug|Any CPU
		{2DF83B02-B936-4694-80DD-27A7A0C70577}.ExportDebug|x86.ActiveCfg = ExportDebug|Any CPU
		{2DF83B02-B936-4694-80DD-27A7A0C70577}.ExportDebug|x86.Build.0 = ExportDebug|Any CPU
		{2DF83B02-B936-4694-80DD-27A7A0C70577}.ExportRelease|Any CPU.ActiveCfg = ExportRelease|Any CPU
		{2DF83B02-B936-4694-80DD-27A7A0C70577}.ExportRelease|Any CPU.Build.0 = ExportRelease|Any CPU
		{2DF83B02-B936-4694-80DD-27A7A0C70577}.ExportRelease|x64.ActiveCfg = ExportRelease|Any CPU
		{2DF83B02-B936-4694-80DD-27A7A0C70577}.ExportRelease|x64.Build.0 = ExportRelease|Any CPU
		{2DF83B02-B936-4694-80DD-27A7A0C70577}.ExportRelease|x86.ActiveCfg = ExportRelease|Any CPU
		{2DF83B02-B936-4694-80DD-27A7A0C70577}.ExportRelease|x86.Build.0 = ExportRelease|Any CPU
		{2DF83B02-B936-4694-80DD-27A7A0C70577}.Release|Any CPU.ActiveCfg = ExportRelease|Any CPU
		{2DF83B02-B936-4694-80DD-27A7A0C70577}.Release|Any CPU.Build.0 = ExportRelease|Any CPU
		{2DF83B02-B936-4694-80DD-27A7A0C70577}.Release|x64.ActiveCfg = ExportRelease|Any CPU
		{2DF83B02-B936-4694-80DD-27A7A0C70577}.Release|x64.Build.0 = ExportRelease|Any CPU
		{2DF83B02-B936-4694-80DD-27A7A0C70577}.Release|x86.ActiveCfg = ExportRelease|Any CPU
		{2DF83B02-B936-4694-80DD-27A7A0C70577}.Release|x86.Build.0 = ExportRelease|Any CPU
		{77FC6BDF-8EB3-4E3E-92BF-67647B8280F6}.Debug|Any CPU.ActiveCfg = Debug|Any CPU
		{77FC6BDF-8EB3-4E3E-92BF-67647B8280F6}.Debug|Any CPU.Build.0 = Debug|Any CPU
		{77FC6BDF-8EB3-4E3E-92BF-67647B8280F6}.Debug|x64.ActiveCfg = Debug|Any CPU
		{77FC6BDF-8EB3-4E3E-92BF-67647B8280F6}.Debug|x64.Build.0 = Debug|Any CPU
		{77FC6BDF-8EB3-4E3E-92BF-67647B8280F6}.Debug|x86.ActiveCfg = Debug|Any CPU
		{77FC6BDF-8EB3-4E3E-92BF-67647B8280F6}.Debug|x86.Build.0 = Debug|Any CPU
		{77FC6BDF-8EB3-4E3E-92BF-67647B8280F6}.ExportDebug|Any CPU.ActiveCfg = Debug|Any CPU
		{77FC6BDF-8EB3-4E3E-92BF-67647B8280F6}.ExportDebug|Any CPU.Build.0 = Debug|Any CPU
		{77FC6BDF-8EB3-4E3E-92BF-67647B8280F6}.ExportDebug|x64.ActiveCfg = Debug|Any CPU
		{77FC6BDF-8EB3-4E3E-92BF-67647B8280F6}.ExportDebug|x64.Build.0 = Debug|Any CPU
		{77FC6BDF-8EB3-4E3E-92BF-67647B8280F6}.ExportDebug|x86.ActiveCfg = Debug|Any CPU
		{77FC6BDF-8EB3-4E3E-92BF-67647B8280F6}.ExportDebug|x86.Build.0 = Debug|Any CPU
		{77FC6BDF-8EB3-4E3E-92BF-67647B8280F6}.ExportRelease|Any CPU.ActiveCfg = Release|Any CPU
		{77FC6BDF-8EB3-4E3E-92BF-67647B8280F6}.ExportRelease|Any CPU.Build.0 = Release|Any CPU
		{77FC6BDF-8EB3-4E3E-92BF-67647B8280F6}.ExportRelease|x64.ActiveCfg = Release|Any CPU
		{77FC6BDF-8EB3-4E3E-92BF-67647B8280F6}.ExportRelease|x64.Build.0 = Release|Any CPU
		{77FC6BDF-8EB3-4E3E-92BF-67647B8280F6}.ExportRelease|x86.ActiveCfg = Release|Any CPU
		{77FC6BDF-8EB3-4E3E-92BF-67647B8280F6}.ExportRelease|x86.Build.0 = Release|Any CPU
		{77FC6BDF-8EB3-4E3E-92BF-67647B8280F6}.Release|Any CPU.ActiveCfg = Release|Any CPU
		{77FC6BDF-8EB3-4E3E-92BF-67647B8280F6}.Release|Any CPU.Build.0 = Release|Any CPU
		{77FC6BDF-8EB3-4E3E-92BF-67647B8280F6}.Release|x64.ActiveCfg = Release|Any CPU
		{77FC6BDF-8EB3-4E3E-92BF-67647B8280F6}.Release|x64.Build.0 = Release|Any CPU
		{77FC6BDF-8EB3-4E3E-92BF-67647B8280F6}.Release|x86.ActiveCfg = Release|Any CPU
		{77FC6BDF-8EB3-4E3E-92BF-67647B8280F6}.Release|x86.Build.0 = Release|Any CPU
		{76604444-763D-48C8-8F50-805462334A91}.Debug|Any CPU.ActiveCfg = Debug|Any CPU
		{76604444-763D-48C8-8F50-805462334A91}.Debug|Any CPU.Build.0 = Debug|Any CPU
		{76604444-763D-48C8-8F50-805462334A91}.Debug|x64.ActiveCfg = Debug|Any CPU
		{76604444-763D-48C8-8F50-805462334A91}.Debug|x64.Build.0 = Debug|Any CPU
		{76604444-763D-48C8-8F50-805462334A91}.Debug|x86.ActiveCfg = Debug|Any CPU
		{76604444-763D-48C8-8F50-805462334A91}.Debug|x86.Build.0 = Debug|Any CPU
		{76604444-763D-48C8-8F50-805462334A91}.ExportDebug|Any CPU.ActiveCfg = Debug|Any CPU
		{76604444-763D-48C8-8F50-805462334A91}.ExportDebug|Any CPU.Build.0 = Debug|Any CPU
		{76604444-763D-48C8-8F50-805462334A91}.ExportDebug|x64.ActiveCfg = Debug|Any CPU
		{76604444-763D-48C8-8F50-805462334A91}.ExportDebug|x64.Build.0 = Debug|Any CPU
		{76604444-763D-48C8-8F50-805462334A91}.ExportDebug|x86.ActiveCfg = Debug|Any CPU
		{76604444-763D-48C8-8F50-805462334A91}.ExportDebug|x86.Build.0 = Debug|Any CPU
		{76604444-763D-48C8-8F50-805462334A91}.ExportRelease|Any CPU.ActiveCfg = Release|Any CPU
		{76604444-763D-48C8-8F50-805462334A91}.ExportRelease|Any CPU.Build.0 = Release|Any CPU
		{76604444-763D-48C8-8F50-805462334A91}.ExportRelease|x64.ActiveCfg = Release|Any CPU
		{76604444-763D-48C8-8F50-805462334A91}.ExportRelease|x64.Build.0 = Release|Any CPU
		{76604444-763D-48C8-8F50-805462334A91}.ExportRelease|x86.ActiveCfg = Release|Any CPU
		{76604444-763D-48C8-8F50-805462334A91}.ExportRelease|x86.Build.0 = Release|Any CPU
		{76604444-763D-48C8-8F50-805462334A91}.Release|Any CPU.ActiveCfg = Release|Any CPU
		{76604444-763D-48C8-8F50-805462334A91}.Release|Any CPU.Build.0 = Release|Any CPU
		{76604444-763D-48C8-8F50-805462334A91}.Release|x64.ActiveCfg = Release|Any CPU
		{76604444-763D-48C8-8F50-805462334A91}.Release|x64.Build.0 = Release|Any CPU
		{76604444-763D-48C8-8F50-805462334A91}.Release|x86.ActiveCfg = Release|Any CPU
		{76604444-763D-48C8-8F50-805462334A91}.Release|x86.Build.0 = Release|Any CPU
		{A2969875-193A-4656-8EAD-5A9CAFE56352}.Debug|Any CPU.ActiveCfg = Debug|x64
		{A2969875-193A-4656-8EAD-5A9CAFE56352}.Debug|Any CPU.Build.0 = Debug|x64
		{A2969875-193A-4656-8EAD-5A9CAFE56352}.Debug|x64.ActiveCfg = Debug|x64
		{A2969875-193A-4656-8EAD-5A9CAFE56352}.Debug|x64.Build.0 = Debug|x64
		{A2969875-193A-4656-8EAD-5A9CAFE56352}.Debug|x86.ActiveCfg = Debug|x86
		{A2969875-193A-4656-8EAD-5A9CAFE56352}.Debug|x86.Build.0 = Debug|x86
		{A2969875-193A-4656-8EAD-5A9CAFE56352}.ExportDebug|Any CPU.ActiveCfg = Debug|x64
		{A2969875-193A-4656-8EAD-5A9CAFE56352}.ExportDebug|Any CPU.Build.0 = Debug|x64
		{A2969875-193A-4656-8EAD-5A9CAFE56352}.ExportDebug|x64.ActiveCfg = Debug|x64
		{A2969875-193A-4656-8EAD-5A9CAFE56352}.ExportDebug|x64.Build.0 = Debug|x64
		{A2969875-193A-4656-8EAD-5A9CAFE56352}.ExportDebug|x86.ActiveCfg = Debug|x86
		{A2969875-193A-4656-8EAD-5A9CAFE56352}.ExportDebug|x86.Build.0 = Debug|x86
		{A2969875-193A-4656-8EAD-5A9CAFE56352}.ExportRelease|Any CPU.ActiveCfg = Release|x64
		{A2969875-193A-4656-8EAD-5A9CAFE56352}.ExportRelease|Any CPU.Build.0 = Release|x64
		{A2969875-193A-4656-8EAD-5A9CAFE56352}.ExportRelease|x64.ActiveCfg = Release|x64
		{A2969875-193A-4656-8EAD-5A9CAFE56352}.ExportRelease|x64.Build.0 = Release|x64
		{A2969875-193A-4656-8EAD-5A9CAFE56352}.ExportRelease|x86.ActiveCfg = Release|x86
		{A2969875-193A-4656-8EAD-5A9CAFE56352}.ExportRelease|x86.Build.0 = Release|x86
		{A2969875-193A-4656-8EAD-5A9CAFE56352}.Release|Any CPU.ActiveCfg = Release|x64
		{A2969875-193A-4656-8EAD-5A9CAFE56352}.Release|Any CPU.Build.0 = Release|x64
		{A2969875-193A-4656-8EAD-5A9CAFE56352}.Release|x64.ActiveCfg = Release|x64
		{A2969875-193A-4656-8EAD-5A9CAFE56352}.Release|x64.Build.0 = Release|x64
		{A2969875-193A-4656-8EAD-5A9CAFE56352}.Release|x86.ActiveCfg = Release|x86
		{A2969875-193A-4656-8EAD-5A9CAFE56352}.Release|x86.Build.0 = Release|x86
		{55D53677-51C7-4C51-9128-810BC8F94B26}.Debug|Any CPU.ActiveCfg = Debug|x64
		{55D53677-51C7-4C51-9128-810BC8F94B26}.Debug|Any CPU.Build.0 = Debug|x64
		{55D53677-51C7-4C51-9128-810BC8F94B26}.Debug|x64.ActiveCfg = Debug|x64
		{55D53677-51C7-4C51-9128-810BC8F94B26}.Debug|x64.Build.0 = Debug|x64
		{55D53677-51C7-4C51-9128-810BC8F94B26}.Debug|x86.ActiveCfg = Debug|x86
		{55D53677-51C7-4C51-9128-810BC8F94B26}.Debug|x86.Build.0 = Debug|x86
		{55D53677-51C7-4C51-9128-810BC8F94B26}.ExportDebug|Any CPU.ActiveCfg = Debug|x64
		{55D53677-51C7-4C51-9128-810BC8F94B26}.ExportDebug|Any CPU.Build.0 = Debug|x64
		{55D53677-51C7-4C51-9128-810BC8F94B26}.ExportDebug|x64.ActiveCfg = Debug|x64
		{55D53677-51C7-4C51-9128-810BC8F94B26}.ExportDebug|x64.Build.0 = Debug|x64
		{55D53677-51C7-4C51-9128-810BC8F94B26}.ExportDebug|x86.ActiveCfg = Debug|x86
		{55D53677-51C7-4C51-9128-810BC8F94B26}.ExportDebug|x86.Build.0 = Debug|x86
		{55D53677-51C7-4C51-9128-810BC8F94B26}.ExportRelease|Any CPU.ActiveCfg = Release|x64
		{55D53677-51C7-4C51-9128-810BC8F94B26}.ExportRelease|Any CPU.Build.0 = Release|x64
		{55D53677-51C7-4C51-9128-810BC8F94B26}.ExportRelease|x64.ActiveCfg = Release|x64
		{55D53677-51C7-4C51-9128-810BC8F94B26}.ExportRelease|x64.Build.0 = Release|x64
		{55D53677-51C7-4C51-9128-810BC8F94B26}.ExportRelease|x86.ActiveCfg = Release|x86
		{55D53677-51C7-4C51-9128-810BC8F94B26}.ExportRelease|x86.Build.0 = Release|x86
		{55D53677-51C7-4C51-9128-810BC8F94B26}.Release|Any CPU.ActiveCfg = Release|x64
		{55D53677-51C7-4C51-9128-810BC8F94B26}.Release|Any CPU.Build.0 = Release|x64
		{55D53677-51C7-4C51-9128-810BC8F94B26}.Release|x64.ActiveCfg = Release|x64
		{55D53677-51C7-4C51-9128-810BC8F94B26}.Release|x64.Build.0 = Release|x64
		{55D53677-51C7-4C51-9128-810BC8F94B26}.Release|x86.ActiveCfg = Release|x86
		{55D53677-51C7-4C51-9128-810BC8F94B26}.Release|x86.Build.0 = Release|x86
		{ED5D3E22-804B-4BAA-BD7F-F47F19804CF8}.Debug|Any CPU.ActiveCfg = Debug|Any CPU
		{ED5D3E22-804B-4BAA-BD7F-F47F19804CF8}.Debug|Any CPU.Build.0 = Debug|Any CPU
		{ED5D3E22-804B-4BAA-BD7F-F47F19804CF8}.Debug|x64.ActiveCfg = Debug|Any CPU
		{ED5D3E22-804B-4BAA-BD7F-F47F19804CF8}.Debug|x64.Build.0 = Debug|Any CPU
		{ED5D3E22-804B-4BAA-BD7F-F47F19804CF8}.Debug|x86.ActiveCfg = Debug|Any CPU
		{ED5D3E22-804B-4BAA-BD7F-F47F19804CF8}.Debug|x86.Build.0 = Debug|Any CPU
		{ED5D3E22-804B-4BAA-BD7F-F47F19804CF8}.ExportDebug|Any CPU.ActiveCfg = Debug|Any CPU
		{ED5D3E22-804B-4BAA-BD7F-F47F19804CF8}.ExportDebug|Any CPU.Build.0 = Debug|Any CPU
		{ED5D3E22-804B-4BAA-BD7F-F47F19804CF8}.ExportDebug|x64.ActiveCfg = Debug|Any CPU
		{ED5D3E22-804B-4BAA-BD7F-F47F19804CF8}.ExportDebug|x64.Build.0 = Debug|Any CPU
		{ED5D3E22-804B-4BAA-BD7F-F47F19804CF8}.ExportDebug|x86.ActiveCfg = Debug|Any CPU
		{ED5D3E22-804B-4BAA-BD7F-F47F19804CF8}.ExportDebug|x86.Build.0 = Debug|Any CPU
		{ED5D3E22-804B-4BAA-BD7F-F47F19804CF8}.ExportRelease|Any CPU.ActiveCfg = Release|Any CPU
		{ED5D3E22-804B-4BAA-BD7F-F47F19804CF8}.ExportRelease|Any CPU.Build.0 = Release|Any CPU
		{ED5D3E22-804B-4BAA-BD7F-F47F19804CF8}.ExportRelease|x64.ActiveCfg = Release|Any CPU
		{ED5D3E22-804B-4BAA-BD7F-F47F19804CF8}.ExportRelease|x64.Build.0 = Release|Any CPU
		{ED5D3E22-804B-4BAA-BD7F-F47F19804CF8}.ExportRelease|x86.ActiveCfg = Release|Any CPU
		{ED5D3E22-804B-4BAA-BD7F-F47F19804CF8}.ExportRelease|x86.Build.0 = Release|Any CPU
		{ED5D3E22-804B-4BAA-BD7F-F47F19804CF8}.Release|Any CPU.ActiveCfg = Release|Any CPU
		{ED5D3E22-804B-4BAA-BD7F-F47F19804CF8}.Release|Any CPU.Build.0 = Release|Any CPU
		{ED5D3E22-804B-4BAA-BD7F-F47F19804CF8}.Release|x64.ActiveCfg = Release|Any CPU
		{ED5D3E22-804B-4BAA-BD7F-F47F19804CF8}.Release|x64.Build.0 = Release|Any CPU
		{ED5D3E22-804B-4BAA-BD7F-F47F19804CF8}.Release|x86.ActiveCfg = Release|Any CPU
		{ED5D3E22-804B-4BAA-BD7F-F47F19804CF8}.Release|x86.Build.0 = Release|Any CPU
		{84D63988-81DE-4639-8E44-FE5A25EDDC97}.Debug|Any CPU.ActiveCfg = Debug|Any CPU
		{84D63988-81DE-4639-8E44-FE5A25EDDC97}.Debug|Any CPU.Build.0 = Debug|Any CPU
		{84D63988-81DE-4639-8E44-FE5A25EDDC97}.Debug|x64.ActiveCfg = Debug|Any CPU
		{84D63988-81DE-4639-8E44-FE5A25EDDC97}.Debug|x64.Build.0 = Debug|Any CPU
		{84D63988-81DE-4639-8E44-FE5A25EDDC97}.Debug|x86.ActiveCfg = Debug|Any CPU
		{84D63988-81DE-4639-8E44-FE5A25EDDC97}.Debug|x86.Build.0 = Debug|Any CPU
		{84D63988-81DE-4639-8E44-FE5A25EDDC97}.ExportDebug|Any CPU.ActiveCfg = Debug|Any CPU
		{84D63988-81DE-4639-8E44-FE5A25EDDC97}.ExportDebug|Any CPU.Build.0 = Debug|Any CPU
		{84D63988-81DE-4639-8E44-FE5A25EDDC97}.ExportDebug|x64.ActiveCfg = Debug|Any CPU
		{84D63988-81DE-4639-8E44-FE5A25EDDC97}.ExportDebug|x64.Build.0 = Debug|Any CPU
		{84D63988-81DE-4639-8E44-FE5A25EDDC97}.ExportDebug|x86.ActiveCfg = Debug|Any CPU
		{84D63988-81DE-4639-8E44-FE5A25EDDC97}.ExportDebug|x86.Build.0 = Debug|Any CPU
		{84D63988-81DE-4639-8E44-FE5A25EDDC97}.ExportRelease|Any CPU.ActiveCfg = Release|Any CPU
		{84D63988-81DE-4639-8E44-FE5A25EDDC97}.ExportRelease|Any CPU.Build.0 = Release|Any CPU
		{84D63988-81DE-4639-8E44-FE5A25EDDC97}.ExportRelease|x64.ActiveCfg = Release|Any CPU
		{84D63988-81DE-4639-8E44-FE5A25EDDC97}.ExportRelease|x64.Build.0 = Release|Any CPU
		{84D63988-81DE-4639-8E44-FE5A25EDDC97}.ExportRelease|x86.ActiveCfg = Release|Any CPU
		{84D63988-81DE-4639-8E44-FE5A25EDDC97}.ExportRelease|x86.Build.0 = Release|Any CPU
		{84D63988-81DE-4639-8E44-FE5A25EDDC97}.Release|Any CPU.ActiveCfg = Release|Any CPU
		{84D63988-81DE-4639-8E44-FE5A25EDDC97}.Release|Any CPU.Build.0 = Release|Any CPU
		{84D63988-81DE-4639-8E44-FE5A25EDDC97}.Release|x64.ActiveCfg = Release|Any CPU
		{84D63988-81DE-4639-8E44-FE5A25EDDC97}.Release|x64.Build.0 = Release|Any CPU
		{84D63988-81DE-4639-8E44-FE5A25EDDC97}.Release|x86.ActiveCfg = Release|Any CPU
		{84D63988-81DE-4639-8E44-FE5A25EDDC97}.Release|x86.Build.0 = Release|Any CPU
		{FDF54C5B-4F7B-4690-A8C3-27565CEE9091}.Debug|Any CPU.ActiveCfg = Debug|Any CPU
		{FDF54C5B-4F7B-4690-A8C3-27565CEE9091}.Debug|Any CPU.Build.0 = Debug|Any CPU
		{FDF54C5B-4F7B-4690-A8C3-27565CEE9091}.Debug|x64.ActiveCfg = Debug|Any CPU
		{FDF54C5B-4F7B-4690-A8C3-27565CEE9091}.Debug|x64.Build.0 = Debug|Any CPU
		{FDF54C5B-4F7B-4690-A8C3-27565CEE9091}.Debug|x86.ActiveCfg = Debug|Any CPU
		{FDF54C5B-4F7B-4690-A8C3-27565CEE9091}.Debug|x86.Build.0 = Debug|Any CPU
		{FDF54C5B-4F7B-4690-A8C3-27565CEE9091}.ExportDebug|Any CPU.ActiveCfg = Debug|Any CPU
		{FDF54C5B-4F7B-4690-A8C3-27565CEE9091}.ExportDebug|Any CPU.Build.0 = Debug|Any CPU
		{FDF54C5B-4F7B-4690-A8C3-27565CEE9091}.ExportDebug|x64.ActiveCfg = Debug|Any CPU
		{FDF54C5B-4F7B-4690-A8C3-27565CEE9091}.ExportDebug|x64.Build.0 = Debug|Any CPU
		{FDF54C5B-4F7B-4690-A8C3-27565CEE9091}.ExportDebug|x86.ActiveCfg = Debug|Any CPU
		{FDF54C5B-4F7B-4690-A8C3-27565CEE9091}.ExportDebug|x86.Build.0 = Debug|Any CPU
		{FDF54C5B-4F7B-4690-A8C3-27565CEE9091}.ExportRelease|Any CPU.ActiveCfg = Release|Any CPU
		{FDF54C5B-4F7B-4690-A8C3-27565CEE9091}.ExportRelease|Any CPU.Build.0 = Release|Any CPU
		{FDF54C5B-4F7B-4690-A8C3-27565CEE9091}.ExportRelease|x64.ActiveCfg = Release|Any CPU
		{FDF54C5B-4F7B-4690-A8C3-27565CEE9091}.ExportRelease|x64.Build.0 = Release|Any CPU
		{FDF54C5B-4F7B-4690-A8C3-27565CEE9091}.ExportRelease|x86.ActiveCfg = Release|Any CPU
		{FDF54C5B-4F7B-4690-A8C3-27565CEE9091}.ExportRelease|x86.Build.0 = Release|Any CPU
		{FDF54C5B-4F7B-4690-A8C3-27565CEE9091}.Release|Any CPU.ActiveCfg = Release|Any CPU
		{FDF54C5B-4F7B-4690-A8C3-27565CEE9091}.Release|Any CPU.Build.0 = Release|Any CPU
		{FDF54C5B-4F7B-4690-A8C3-27565CEE9091}.Release|x64.ActiveCfg = Release|Any CPU
		{FDF54C5B-4F7B-4690-A8C3-27565CEE9091}.Release|x64.Build.0 = Release|Any CPU
		{FDF54C5B-4F7B-4690-A8C3-27565CEE9091}.Release|x86.ActiveCfg = Release|Any CPU
		{FDF54C5B-4F7B-4690-A8C3-27565CEE9091}.Release|x86.Build.0 = Release|Any CPU
	EndGlobalSection
	GlobalSection(SolutionProperties) = preSolution
		HideSolutionNode = FALSE
	EndGlobalSection
	GlobalSection(ExtensibilityGlobals) = postSolution
		SolutionGuid = {77530E22-651F-4A65-9F35-5EC5F583F381}
	EndGlobalSection
EndGlobal
